{
  "lockfileVersion": 1,
  "configVersion": 0,
  "workspaces": {
    "": {
      "name": "tokowarung",
      "dependencies": {
        "firebase": "^10.12.2",
        "leaflet": "^1.9.4",
      },
      "devDependencies": {
        "vite": "^5.3.1",
      },
    },
  },
  "packages": {
    "@esbuild/aix-ppc64": ["@esbuild/aix-ppc64@0.21.5", "", { "os": "aix", "cpu": "ppc64" }, "sha512-1SDgH6ZSPTlggy1yI6+Dbkiz8xzpHJEVAlF/AM1tHPLsf5STom9rwtjE4hKAF20FfXXNTFqEYXyJNWh1GiZedQ=="],

    "@esbuild/android-arm": ["@esbuild/android-arm@0.21.5", "", { "os": "android", "cpu": "arm" }, "sha512-vCPvzSjpPHEi1siZdlvAlsPxXl7WbOVUBBAowWug4rJHb68Ox8KualB+1ocNvT5fjv6wpkX6o/iEpbDrf68zcg=="],

    "@esbuild/android-arm64": ["@esbuild/android-arm64@0.21.5", "", { "os": "android", "cpu": "arm64" }, "sha512-c0uX9VAUBQ7dTDCjq+wdyGLowMdtR/GoC2U5IYk/7D1H1JYC0qseD7+11iMP2mRLN9RcCMRcjC4YMclCzGwS/A=="],

    "@esbuild/android-x64": ["@esbuild/android-x64@0.21.5", "", { "os": "android", "cpu": "x64" }, "sha512-D7aPRUUNHRBwHxzxRvp856rjUHRFW1SdQATKXH2hqA0kAZb1hKmi02OpYRacl0TxIGz/ZmXWlbZgjwWYaCakTA=="],

    "@esbuild/darwin-arm64": ["@esbuild/darwin-arm64@0.21.5", "", { "os": "darwin", "cpu": "arm64" }, "sha512-DwqXqZyuk5AiWWf3UfLiRDJ5EDd49zg6O9wclZ7kUMv2WRFr4HKjXp/5t8JZ11QbQfUS6/cRCKGwYhtNAY88kQ=="],

    "@esbuild/darwin-x64": ["@esbuild/darwin-x64@0.21.5", "", { "os": "darwin", "cpu": "x64" }, "sha512-se/JjF8NlmKVG4kNIuyWMV/22ZaerB+qaSi5MdrXtd6R08kvs2qCN4C09miupktDitvh8jRFflwGFBQcxZRjbw=="],

    "@esbuild/freebsd-arm64": ["@esbuild/freebsd-arm64@0.21.5", "", { "os": "freebsd", "cpu": "arm64" }, "sha512-5JcRxxRDUJLX8JXp/wcBCy3pENnCgBR9bN6JsY4OmhfUtIHe3ZW0mawA7+RDAcMLrMIZaf03NlQiX9DGyB8h4g=="],

    "@esbuild/freebsd-x64": ["@esbuild/freebsd-x64@0.21.5", "", { "os": "freebsd", "cpu": "x64" }, "sha512-J95kNBj1zkbMXtHVH29bBriQygMXqoVQOQYA+ISs0/2l3T9/kj42ow2mpqerRBxDJnmkUDCaQT/dfNXWX/ZZCQ=="],

    "@esbuild/linux-arm": ["@esbuild/linux-arm@0.21.5", "", { "os": "linux", "cpu": "arm" }, "sha512-bPb5AHZtbeNGjCKVZ9UGqGwo8EUu4cLq68E95A53KlxAPRmUyYv2D6F0uUI65XisGOL1hBP5mTronbgo+0bFcA=="],

    "@esbuild/linux-arm64": ["@esbuild/linux-arm64@0.21.5", "", { "os": "linux", "cpu": "arm64" }, "sha512-ibKvmyYzKsBeX8d8I7MH/TMfWDXBF3db4qM6sy+7re0YXya+K1cem3on9XgdT2EQGMu4hQyZhan7TeQ8XkGp4Q=="],

    "@esbuild/linux-ia32": ["@esbuild/linux-ia32@0.21.5", "", { "os": "linux", "cpu": "ia32" }, "sha512-YvjXDqLRqPDl2dvRODYmmhz4rPeVKYvppfGYKSNGdyZkA01046pLWyRKKI3ax8fbJoK5QbxblURkwK/MWY18Tg=="],

    "@esbuild/linux-loong64": ["@esbuild/linux-loong64@0.21.5", "", { "os": "linux", "cpu": "none" }, "sha512-uHf1BmMG8qEvzdrzAqg2SIG/02+4/DHB6a9Kbya0XDvwDEKCoC8ZRWI5JJvNdUjtciBGFQ5PuBlpEOXQj+JQSg=="],

    "@esbuild/linux-mips64el": ["@esbuild/linux-mips64el@0.21.5", "", { "os": "linux", "cpu": "none" }, "sha512-IajOmO+KJK23bj52dFSNCMsz1QP1DqM6cwLUv3W1QwyxkyIWecfafnI555fvSGqEKwjMXVLokcV5ygHW5b3Jbg=="],

    "@esbuild/linux-ppc64": ["@esbuild/linux-ppc64@0.21.5", "", { "os": "linux", "cpu": "ppc64" }, "sha512-1hHV/Z4OEfMwpLO8rp7CvlhBDnjsC3CttJXIhBi+5Aj5r+MBvy4egg7wCbe//hSsT+RvDAG7s81tAvpL2XAE4w=="],

    "@esbuild/linux-riscv64": ["@esbuild/linux-riscv64@0.21.5", "", { "os": "linux", "cpu": "none" }, "sha512-2HdXDMd9GMgTGrPWnJzP2ALSokE/0O5HhTUvWIbD3YdjME8JwvSCnNGBnTThKGEB91OZhzrJ4qIIxk/SBmyDDA=="],

    "@esbuild/linux-s390x": ["@esbuild/linux-s390x@0.21.5", "", { "os": "linux", "cpu": "s390x" }, "sha512-zus5sxzqBJD3eXxwvjN1yQkRepANgxE9lgOW2qLnmr8ikMTphkjgXu1HR01K4FJg8h1kEEDAqDcZQtbrRnB41A=="],

    "@esbuild/linux-x64": ["@esbuild/linux-x64@0.21.5", "", { "os": "linux", "cpu": "x64" }, ""],

    "@esbuild/netbsd-x64": ["@esbuild/netbsd-x64@0.21.5", "", { "os": "none", "cpu": "x64" }, "sha512-Woi2MXzXjMULccIwMnLciyZH4nCIMpWQAs049KEeMvOcNADVxo0UBIQPfSmxB3CWKedngg7sWZdLvLczpe0tLg=="],

    "@esbuild/openbsd-x64": ["@esbuild/openbsd-x64@0.21.5", "", { "os": "openbsd", "cpu": "x64" }, "sha512-HLNNw99xsvx12lFBUwoT8EVCsSvRNDVxNpjZ7bPn947b8gJPzeHWyNVhFsaerc0n3TsbOINvRP2byTZ5LKezow=="],

    "@esbuild/sunos-x64": ["@esbuild/sunos-x64@0.21.5", "", { "os": "sunos", "cpu": "x64" }, "sha512-6+gjmFpfy0BHU5Tpptkuh8+uw3mnrvgs+dSPQXQOv3ekbordwnzTVEb4qnIvQcYXq6gzkyTnoZ9dZG+D4garKg=="],

    "@esbuild/win32-arm64": ["@esbuild/win32-arm64@0.21.5", "", { "os": "win32", "cpu": "arm64" }, "sha512-Z0gOTd75VvXqyq7nsl93zwahcTROgqvuAcYDUr+vOv8uHhNSKROyU961kgtCD1e95IqPKSQKH7tBTslnS3tA8A=="],

    "@esbuild/win32-ia32": ["@esbuild/win32-ia32@0.21.5", "", { "os": "win32", "cpu": "ia32" }, "sha512-SWXFF1CL2RVNMaVs+BBClwtfZSvDgtL//G/smwAc5oVK/UPu2Gu9tIaRgFmYFFKrmg3SyAjSrElf0TiJ1v8fYA=="],

    "@esbuild/win32-x64": ["@esbuild/win32-x64@0.21.5", "", { "os": "win32", "cpu": "x64" }, "sha512-tQd/1efJuzPC6rCFwEvLtci/xNFcTZknmXs98FYDfGE4wP9ClFV98nyKrzJKVPMhdDnjzLhdUyMX4PsQAPjwIw=="],

    "@firebase/analytics": ["@firebase/analytics@0.10.8", "", { "dependencies": { "@firebase/component": "0.6.9", "@firebase/installations": "0.6.9", "@firebase/logger": "0.4.2", "@firebase/util": "1.10.0", "tslib": "^2.1.0" }, "peerDependencies": { "@firebase/app": "0.x" } }, ""],

    "@firebase/analytics-compat": ["@firebase/analytics-compat@0.2.14", "", { "dependencies": { "@firebase/analytics": "0.10.8", "@firebase/analytics-types": "0.8.2", "@firebase/component": "0.6.9", "@firebase/util": "1.10.0", "tslib": "^2.1.0" }, "peerDependencies": { "@firebase/app-compat": "0.x" } }, ""],

    "@firebase/analytics-types": ["@firebase/analytics-types@0.8.2", "", {}, ""],

    "@firebase/app": ["@firebase/app@0.10.13", "", { "dependencies": { "@firebase/component": "0.6.9", "@firebase/logger": "0.4.2", "@firebase/util": "1.10.0", "idb": "7.1.1", "tslib": "^2.1.0" } }, ""],

    "@firebase/app-check": ["@firebase/app-check@0.8.8", "", { "dependencies": { "@firebase/component": "0.6.9", "@firebase/logger": "0.4.2", "@firebase/util": "1.10.0", "tslib": "^2.1.0" }, "peerDependencies": { "@firebase/app": "0.x" } }, ""],

    "@firebase/app-check-compat": ["@firebase/app-check-compat@0.3.15", "", { "dependencies": { "@firebase/app-check": "0.8.8", "@firebase/app-check-types": "0.5.2", "@firebase/component": "0.6.9", "@firebase/logger": "0.4.2", "@firebase/util": "1.10.0", "tslib": "^2.1.0" }, "peerDependencies": { "@firebase/app-compat": "0.x" } }, ""],

    "@firebase/app-check-interop-types": ["@firebase/app-check-interop-types@0.3.2", "", {}, ""],

    "@firebase/app-check-types": ["@firebase/app-check-types@0.5.2", "", {}, ""],

    "@firebase/app-compat": ["@firebase/app-compat@0.2.43", "", { "dependencies": { "@firebase/app": "0.10.13", "@firebase/component": "0.6.9", "@firebase/logger": "0.4.2", "@firebase/util": "1.10.0", "tslib": "^2.1.0" } }, ""],

    "@firebase/app-types": ["@firebase/app-types@0.9.2", "", {}, ""],

    "@firebase/auth": ["@firebase/auth@1.7.9", "", { "dependencies": { "@firebase/component": "0.6.9", "@firebase/logger": "0.4.2", "@firebase/util": "1.10.0", "tslib": "^2.1.0", "undici": "6.19.7" }, "peerDependencies": { "@firebase/app": "0.x", "@react-native-async-storage/async-storage": "^1.18.1" }, "optionalPeers": ["@react-native-async-storage/async-storage"] }, ""],

    "@firebase/auth-compat": ["@firebase/auth-compat@0.5.14", "", { "dependencies": { "@firebase/auth": "1.7.9", "@firebase/auth-types": "0.12.2", "@firebase/component": "0.6.9", "@firebase/util": "1.10.0", "tslib": "^2.1.0", "undici": "6.19.7" }, "peerDependencies": { "@firebase/app-compat": "0.x" } }, ""],

    "@firebase/auth-interop-types": ["@firebase/auth-interop-types@0.2.3", "", {}, ""],

    "@firebase/auth-types": ["@firebase/auth-types@0.12.2", "", { "peerDependencies": { "@firebase/app-types": "0.x", "@firebase/util": "1.x" } }, ""],

    "@firebase/component": ["@firebase/component@0.6.9", "", { "dependencies": { "@firebase/util": "1.10.0", "tslib": "^2.1.0" } }, ""],

    "@firebase/data-connect": ["@firebase/data-connect@0.1.0", "", { "dependencies": { "@firebase/auth-interop-types": "0.2.3", "@firebase/component": "0.6.9", "@firebase/logger": "0.4.2", "@firebase/util": "1.10.0", "tslib": "^2.1.0" }, "peerDependencies": { "@firebase/app": "0.x" } }, ""],

    "@firebase/database": ["@firebase/database@1.0.8", "", { "dependencies": { "@firebase/app-check-interop-types": "0.3.2", "@firebase/auth-interop-types": "0.2.3", "@firebase/component": "0.6.9", "@firebase/logger": "0.4.2", "@firebase/util": "1.10.0", "faye-websocket": "0.11.4", "tslib": "^2.1.0" } }, ""],

    "@firebase/database-compat": ["@firebase/database-compat@1.0.8", "", { "dependencies": { "@firebase/component": "0.6.9", "@firebase/database": "1.0.8", "@firebase/database-types": "1.0.5", "@firebase/logger": "0.4.2", "@firebase/util": "1.10.0", "tslib": "^2.1.0" } }, ""],

    "@firebase/database-types": ["@firebase/database-types@1.0.5", "", { "dependencies": { "@firebase/app-types": "0.9.2", "@firebase/util": "1.10.0" } }, ""],

    "@firebase/firestore": ["@firebase/firestore@4.7.3", "", { "dependencies": { "@firebase/component": "0.6.9", "@firebase/logger": "0.4.2", "@firebase/util": "1.10.0", "@firebase/webchannel-wrapper": "1.0.1", "@grpc/grpc-js": "~1.9.0", "@grpc/proto-loader": "^0.7.8", "tslib": "^2.1.0", "undici": "6.19.7" }, "peerDependencies": { "@firebase/app": "0.x" } }, ""],

    "@firebase/firestore-compat": ["@firebase/firestore-compat@0.3.38", "", { "dependencies": { "@firebase/component": "0.6.9", "@firebase/firestore": "4.7.3", "@firebase/firestore-types": "3.0.2", "@firebase/util": "1.10.0", "tslib": "^2.1.0" }, "peerDependencies": { "@firebase/app-compat": "0.x" } }, ""],

    "@firebase/firestore-types": ["@firebase/firestore-types@3.0.2", "", { "peerDependencies": { "@firebase/app-types": "0.x", "@firebase/util": "1.x" } }, ""],

    "@firebase/functions": ["@firebase/functions@0.11.8", "", { "dependencies": { "@firebase/app-check-interop-types": "0.3.2", "@firebase/auth-interop-types": "0.2.3", "@firebase/component": "0.6.9", "@firebase/messaging-interop-types": "0.2.2", "@firebase/util": "1.10.0", "tslib": "^2.1.0", "undici": "6.19.7" }, "peerDependencies": { "@firebase/app": "0.x" } }, ""],

    "@firebase/functions-compat": ["@firebase/functions-compat@0.3.14", "", { "dependencies": { "@firebase/component": "0.6.9", "@firebase/functions": "0.11.8", "@firebase/functions-types": "0.6.2", "@firebase/util": "1.10.0", "tslib": "^2.1.0" }, "peerDependencies": { "@firebase/app-compat": "0.x" } }, ""],

    "@firebase/functions-types": ["@firebase/functions-types@0.6.2", "", {}, ""],

    "@firebase/installations": ["@firebase/installations@0.6.9", "", { "dependencies": { "@firebase/component": "0.6.9", "@firebase/util": "1.10.0", "idb": "7.1.1", "tslib": "^2.1.0" }, "peerDependencies": { "@firebase/app": "0.x" } }, ""],

    "@firebase/installations-compat": ["@firebase/installations-compat@0.2.9", "", { "dependencies": { "@firebase/component": "0.6.9", "@firebase/installations": "0.6.9", "@firebase/installations-types": "0.5.2", "@firebase/util": "1.10.0", "tslib": "^2.1.0" }, "peerDependencies": { "@firebase/app-compat": "0.x" } }, ""],

    "@firebase/installations-types": ["@firebase/installations-types@0.5.2", "", { "peerDependencies": { "@firebase/app-types": "0.x" } }, ""],

    "@firebase/logger": ["@firebase/logger@0.4.2", "", { "dependencies": { "tslib": "^2.1.0" } }, ""],

    "@firebase/messaging": ["@firebase/messaging@0.12.12", "", { "dependencies": { "@firebase/component": "0.6.9", "@firebase/installations": "0.6.9", "@firebase/messaging-interop-types": "0.2.2", "@firebase/util": "1.10.0", "idb": "7.1.1", "tslib": "^2.1.0" }, "peerDependencies": { "@firebase/app": "0.x" } }, ""],

    "@firebase/messaging-compat": ["@firebase/messaging-compat@0.2.12", "", { "dependencies": { "@firebase/component": "0.6.9", "@firebase/messaging": "0.12.12", "@firebase/util": "1.10.0", "tslib": "^2.1.0" }, "peerDependencies": { "@firebase/app-compat": "0.x" } }, ""],

    "@firebase/messaging-interop-types": ["@firebase/messaging-interop-types@0.2.2", "", {}, ""],

    "@firebase/performance": ["@firebase/performance@0.6.9", "", { "dependencies": { "@firebase/component": "0.6.9", "@firebase/installations": "0.6.9", "@firebase/logger": "0.4.2", "@firebase/util": "1.10.0", "tslib": "^2.1.0" }, "peerDependencies": { "@firebase/app": "0.x" } }, ""],

    "@firebase/performance-compat": ["@firebase/performance-compat@0.2.9", "", { "dependencies": { "@firebase/component": "0.6.9", "@firebase/logger": "0.4.2", "@firebase/performance": "0.6.9", "@firebase/performance-types": "0.2.2", "@firebase/util": "1.10.0", "tslib": "^2.1.0" }, "peerDependencies": { "@firebase/app-compat": "0.x" } }, ""],

    "@firebase/performance-types": ["@firebase/performance-types@0.2.2", "", {}, ""],

    "@firebase/remote-config": ["@firebase/remote-config@0.4.9", "", { "dependencies": { "@firebase/component": "0.6.9", "@firebase/installations": "0.6.9", "@firebase/logger": "0.4.2", "@firebase/util": "1.10.0", "tslib": "^2.1.0" }, "peerDependencies": { "@firebase/app": "0.x" } }, ""],

    "@firebase/remote-config-compat": ["@firebase/remote-config-compat@0.2.9", "", { "dependencies": { "@firebase/component": "0.6.9", "@firebase/logger": "0.4.2", "@firebase/remote-config": "0.4.9", "@firebase/remote-config-types": "0.3.2", "@firebase/util": "1.10.0", "tslib": "^2.1.0" }, "peerDependencies": { "@firebase/app-compat": "0.x" } }, ""],

    "@firebase/remote-config-types": ["@firebase/remote-config-types@0.3.2", "", {}, ""],

    "@firebase/storage": ["@firebase/storage@0.13.2", "", { "dependencies": { "@firebase/component": "0.6.9", "@firebase/util": "1.10.0", "tslib": "^2.1.0", "undici": "6.19.7" }, "peerDependencies": { "@firebase/app": "0.x" } }, ""],

    "@firebase/storage-compat": ["@firebase/storage-compat@0.3.12", "", { "dependencies": { "@firebase/component": "0.6.9", "@firebase/storage": "0.13.2", "@firebase/storage-types": "0.8.2", "@firebase/util": "1.10.0", "tslib": "^2.1.0" }, "peerDependencies": { "@firebase/app-compat": "0.x" } }, ""],

    "@firebase/storage-types": ["@firebase/storage-types@0.8.2", "", { "peerDependencies": { "@firebase/app-types": "0.x", "@firebase/util": "1.x" } }, ""],

    "@firebase/util": ["@firebase/util@1.10.0", "", { "dependencies": { "tslib": "^2.1.0" } }, ""],

    "@firebase/vertexai-preview": ["@firebase/vertexai-preview@0.0.4", "", { "dependencies": { "@firebase/app-check-interop-types": "0.3.2", "@firebase/component": "0.6.9", "@firebase/logger": "0.4.2", "@firebase/util": "1.10.0", "tslib": "^2.1.0" }, "peerDependencies": { "@firebase/app": "0.x", "@firebase/app-types": "0.x" } }, ""],

    "@firebase/webchannel-wrapper": ["@firebase/webchannel-wrapper@1.0.1", "", {}, ""],

    "@grpc/grpc-js": ["@grpc/grpc-js@1.9.16", "", { "dependencies": { "@grpc/proto-loader": "^0.7.8", "@types/node": ">=12.12.47" } }, ""],

    "@grpc/proto-loader": ["@grpc/proto-loader@0.7.15", "", { "dependencies": { "lodash.camelcase": "^4.3.0", "long": "^5.0.0", "protobufjs": "^7.2.5", "yargs": "^17.7.2" }, "bin": { "proto-loader-gen-types": "build/bin/proto-loader-gen-types.js" } }, ""],

    "@napi-rs/lzma-linux-x64-gnu": ["@napi-rs/lzma-linux-x64-gnu@1.5.1", "", { "os": "linux", "cpu": "x64" }, ""],

    "@protobufjs/aspromise": ["@protobufjs/aspromise@1.1.2", "", {}, ""],

    "@protobufjs/base64": ["@protobufjs/base64@1.1.2", "", {}, ""],

    "@protobufjs/codegen": ["@protobufjs/codegen@2.0.5", "", {}, ""],

    "@protobufjs/eventemitter": ["@protobufjs/eventemitter@1.1.1", "", {}, ""],

    "@protobufjs/fetch": ["@protobufjs/fetch@1.1.1", "", { "dependencies": { "@protobufjs/aspromise": "^1.1.1" } }, ""],

    "@protobufjs/float": ["@protobufjs/float@1.0.2", "", {}, ""],

    "@protobufjs/path": ["@protobufjs/path@1.1.2", "", {}, ""],

    "@protobufjs/pool": ["@protobufjs/pool@1.1.0", "", {}, ""],

    "@protobufjs/utf8": ["@protobufjs/utf8@1.1.2", "", {}, ""],

    "@rollup/rollup-android-arm-eabi": ["@rollup/rollup-android-arm-eabi@4.63.5", "", { "os": "android", "cpu": "arm" }, "sha512-J25QJU+B78T4FhhBsNpLJyVWOi31mwtpcMwywHmOKH65Q9IWGA81gPj+dnwlhU8wktVriYE+tFAaQgrnJRzAZg=="],

    "@rollup/rollup-android-arm64": ["@rollup/rollup-android-arm64@4.63.5", "", { "os": "android", "cpu": "arm64" }, "sha512-LDopB3zuZM5Ux9TT2luNEBJW/tYbGU2g1d+VpKk6I+gSKDb+/7sYE6M225gRQt4RbMX6MSwMsVR/phdjVUgRLg=="],

    "@rollup/rollup-darwin-arm64": ["@rollup/rollup-darwin-arm64@4.63.5", "", { "os": "darwin", "cpu": "arm64" }, "sha512-wlJEERGfeuHeBavCL2qVnNacOK43NDoZM4sjkeRPymd04OAE9T1zBqDJgmZ+CIsPTYKwdzpUC8vmOw84dwY4Tg=="],

    "@rollup/rollup-darwin-x64": ["@rollup/rollup-darwin-x64@4.63.5", "", { "os": "darwin", "cpu": "x64" }, "sha512-4nJJGg5jbo2wwPP4JP+LfEBA3bvP8rU9CLuhp7jWvq9sxEyhjQFTFdrqi+/dHEin/pd8jpT0vcehIpnZtmEdcQ=="],

    "@rollup/rollup-freebsd-arm64": ["@rollup/rollup-freebsd-arm64@4.63.5", "", { "os": "freebsd", "cpu": "arm64" }, "sha512-DrZbyCDF1hneuO6jRbvZ2D7+PIBM6yIwYnJpg2vIk58T+wuFpiaGZrfUr59lDWw45bg+IrpTGLPiNi/Fk4w3Cg=="],

    "@rollup/rollup-freebsd-x64": ["@rollup/rollup-freebsd-x64@4.63.5", "", { "os": "freebsd", "cpu": "x64" }, "sha512-gqfUVMJMB3mehqywxp6hTBFfgtMQykZY19+cfiaYP0toIJLb/1DZRJHVkQQGP13W4TAwfZDWeg1qBcheTRioXQ=="],

    "@rollup/rollup-linux-arm-gnueabihf": ["@rollup/rollup-linux-arm-gnueabihf@4.63.5", "", { "os": "linux", "cpu": "arm" }, "sha512-CFmhpvAwzSaWMlN3VN7UtmoTihlZNzoP0juQib5TQRnYUyDV8dXeWOp29sobWAT6gXl/hQgAClLlEiYozQG3OQ=="],

    "@rollup/rollup-linux-arm-musleabihf": ["@rollup/rollup-linux-arm-musleabihf@4.63.5", "", { "os": "linux", "cpu": "arm" }, "sha512-Uc9H8eXCOayV6JLTH5bXKMId6qbhNHa818/BgYjm4jrlq3vZquC9cqyvHBw17xy5Mnj5f+I3gFK5JcEf3hSqrw=="],

    "@rollup/rollup-linux-arm64-gnu": ["@rollup/rollup-linux-arm64-gnu@4.63.5", "", { "os": "linux", "cpu": "arm64" }, "sha512-VcPr/szv/1BFw112Kt//fxulXt/JPqzzidU84iW68L2DdjnOO8QFUv2zTSYBEPHD6movBD4z+bbr5y60GYM7Jw=="],

    "@rollup/rollup-linux-arm64-musl": ["@rollup/rollup-linux-arm64-musl@4.63.5", "", { "os": "linux", "cpu": "arm64" }, "sha512-BnxtJ5/91BrIHYIkGrmjz/lbMhqEHt1dPFqIxIFR+jPn0xVc/oUSCtIT089zfp5ufwGDlYz2UC+Fe1SRBpYFbQ=="],

    "@rollup/rollup-linux-loong64-gnu": ["@rollup/rollup-linux-loong64-gnu@4.63.5", "", { "os": "linux", "cpu": "none" }, "sha512-LrYcHZwF+fAMNKHYTOQ5osWM4AZF7YF6D+XtsjDyEvljtt11twc+zHVXBLNEjxVSUnKYsOhvVz4Z213eW02COQ=="],

    "@rollup/rollup-linux-loong64-musl": ["@rollup/rollup-linux-loong64-musl@4.63.5", "", { "os": "linux", "cpu": "none" }, "sha512-nj7QKQePAAUpCpJHtg0pR0W/b92A9NO17JS3BAQmHDn/yhmkir2p8llrKY9TOhleKIaSzy1JhxS3T9FVld6coA=="],

    "@rollup/rollup-linux-ppc64-gnu": ["@rollup/rollup-linux-ppc64-gnu@4.63.5", "", { "os": "linux", "cpu": "ppc64" }, "sha512-5ylkX6dWMeBKge9nTU+Rxfb+ZfaCIJ9lRqIFaK0eAMcWp7OJbYnLveLgXmm0VrvuLKb8qIK+mHyH0qu88RM+iA=="],

    "@rollup/rollup-linux-ppc64-musl": ["@rollup/rollup-linux-ppc64-musl@4.63.5", "", { "os": "linux", "cpu": "ppc64" }, "sha512-oHK4ZHYFDKjZviK34I+NwgfbGxgI7ztrNxj2hPTSSNFgeq1a/lEd7dHV2fdGAuTH4Iym3RHJg+vAbWaWG4B7Zg=="],

    "@rollup/rollup-linux-riscv64-gnu": ["@rollup/rollup-linux-riscv64-gnu@4.63.5", "", { "os": "linux", "cpu": "none" }, "sha512-UcetmHZ6XOXuUByiKZyQmb55ZPr0LABr3Ec/HB9wKZn6CEAFWZkE+hsJErJ9hbPBC7nI0dKuELx7CoV6IM7TMg=="],

    "@rollup/rollup-linux-riscv64-musl": ["@rollup/rollup-linux-riscv64-musl@4.63.5", "", { "os": "linux", "cpu": "none" }, "sha512-C5CmDPQBtvjVo8cgQsBs+w6WB0JLkiixhgi6hVLV11hERWdn/p0XcPU2OUcZzac9BPOFq7SbaHFa8r3SWEysCQ=="],

    "@rollup/rollup-linux-s390x-gnu": ["@rollup/rollup-linux-s390x-gnu@4.63.5", "", { "os": "linux", "cpu": "s390x" }, "sha512-lHVQHJFKsuuxLMi3MQO9XVL8Tje3JR82CzB+QDKC5NWBcsIWuwsn9uIM5e3lBhI+fF1/s63qnyYqsg65+8rV/w=="],

    "@rollup/rollup-linux-x64-gnu": ["@rollup/rollup-linux-x64-gnu@4.63.5", "", { "os": "linux", "cpu": "x64" }, ""],

    "@rollup/rollup-linux-x64-musl": ["@rollup/rollup-linux-x64-musl@4.63.5", "", { "os": "linux", "cpu": "x64" }, "sha512-VDC7rRJlee/scpki96GZ27Omf6yU87s1YXwVTpjE5841faVlDYYT565rgfmoR1U0sqL7z5ivQSDjcsF6VRXyBA=="],

    "@rollup/rollup-openbsd-x64": ["@rollup/rollup-openbsd-x64@4.63.5", "", { "os": "openbsd", "cpu": "x64" }, "sha512-z86Ok2p4pTdv5xqCKZsTooO7yBEiaJR/HzU3Wx8RmWsPoLppnMKROhJusQob8B3IE1ghC343kUW9rC2r+Wf3ig=="],

    "@rollup/rollup-openharmony-arm64": ["@rollup/rollup-openharmony-arm64@4.63.5", "", { "os": "none", "cpu": "arm64" }, "sha512-IzQmj+xXwQFGhMAMKMQVXkMwMZN3TqkJgAE0nSsqvVwWWciP4AIPMmWRqOQ2GfX7TUDZr+xqGFcBS36CRPGw0g=="],

    "@rollup/rollup-win32-arm64-msvc": ["@rollup/rollup-win32-arm64-msvc@4.63.5", "", { "os": "win32", "cpu": "arm64" }, "sha512-F6qpTaPc9bwBH85kjy0/BLmLSW1uv7AoOXCoRIkg2arlgCYlWYcAbiMkvZuAcaWk9TpCRG//okznLAqLGshkMw=="],

    "@rollup/rollup-win32-ia32-msvc": ["@rollup/rollup-win32-ia32-msvc@4.63.5", "", { "os": "win32", "cpu": "ia32" }, "sha512-igoDsTFhhwECBeGbUuLeIk7t8Y1apa+cs6mDWpx2EZ0ch7oEQgzHbFUXN9euoHekCAQzXdXApAGkV6jznS7tWw=="],

    "@rollup/rollup-win32-x64-gnu": ["@rollup/rollup-win32-x64-gnu@4.63.5", "", { "os": "win32", "cpu": "x64" }, "sha512-U3teMeMbXFmaM5D+OTJpsOXd+wV/qftIeYF9kBKL4v73641qyJmoXFtA28DQLsnmlyayEsTe72xpLHrArq6vHw=="],

    "@rollup/rollup-win32-x64-msvc": ["@rollup/rollup-win32-x64-msvc@4.63.5", "", { "os": "win32", "cpu": "x64" }, "sha512-ypfC34F3RKXvCXBglGqGMsUSMKlgwd1HX9AOAlx9RoZZ6GaI42YHVeKpzg3JG+wpBUJYTG+NNZhqbDWL8tBZkw=="],

    "@types/estree": ["@types/estree@1.0.9", "", {}, ""],

    "@types/node": ["@types/node@26.6.3", "", { "dependencies": { "undici-types": "~8.9.0" } }, ""],

    "ansi-regex": ["ansi-regex@5.0.1", "", {}, ""],

    "ansi-styles": ["ansi-styles@4.3.0", "", { "dependencies": { "color-convert": "^2.0.1" } }, ""],

    "cliui": ["cliui@8.0.1", "", { "dependencies": { "string-width": "^4.2.0", "strip-ansi": "^6.0.1", "wrap-ansi": "^7.0.0" } }, ""],

    "color-convert": ["color-convert@2.0.1", "", { "dependencies": { "color-name": "~1.1.4" } }, ""],

    "color-name": ["color-name@1.1.4", "", {}, ""],

    "emoji-regex": ["emoji-regex@8.0.0", "", {}, ""],

    "esbuild": ["esbuild@0.21.5", "", { "optionalDependencies": { "@esbuild/aix-ppc64": "0.21.5", "@esbuild/android-arm": "0.21.5", "@esbuild/android-arm64": "0.21.5", "@esbuild/android-x64": "0.21.5", "@esbuild/darwin-arm64": "0.21.5", "@esbuild/darwin-x64": "0.21.5", "@esbuild/freebsd-arm64": "0.21.5", "@esbuild/freebsd-x64": "0.21.5", "@esbuild/linux-arm": "0.21.5", "@esbuild/linux-arm64": "0.21.5", "@esbuild/linux-ia32": "0.21.5", "@esbuild/linux-loong64": "0.21.5", "@esbuild/linux-mips64el": "0.21.5", "@esbuild/linux-ppc64": "0.21.5", "@esbuild/linux-riscv64": "0.21.5", "@esbuild/linux-s390x": "0.21.5", "@esbuild/linux-x64": "0.21.5", "@esbuild/netbsd-x64": "0.21.5", "@esbuild/openbsd-x64": "0.21.5", "@esbuild/sunos-x64": "0.21.5", "@esbuild/win32-arm64": "0.21.5", "@esbuild/win32-ia32": "0.21.5", "@esbuild/win32-x64": "0.21.5" }, "bin": "bin/esbuild" }, ""],

    "escalade": ["escalade@3.2.0", "", {}, ""],

    "faye-websocket": ["faye-websocket@0.11.4", "", { "dependencies": { "websocket-driver": ">=0.5.1" } }, ""],

    "firebase": ["firebase@10.14.1", "", { "dependencies": { "@firebase/analytics": "0.10.8", "@firebase/analytics-compat": "0.2.14", "@firebase/app": "0.10.13", "@firebase/app-check": "0.8.8", "@firebase/app-check-compat": "0.3.15", "@firebase/app-compat": "0.2.43", "@firebase/app-types": "0.9.2", "@firebase/auth": "1.7.9", "@firebase/auth-compat": "0.5.14", "@firebase/data-connect": "0.1.0", "@firebase/database": "1.0.8", "@firebase/database-compat": "1.0.8", "@firebase/firestore": "4.7.3", "@firebase/firestore-compat": "0.3.38", "@firebase/functions": "0.11.8", "@firebase/functions-compat": "0.3.14", "@firebase/installations": "0.6.9", "@firebase/installations-compat": "0.2.9", "@firebase/messaging": "0.12.12", "@firebase/messaging-compat": "0.2.12", "@firebase/performance": "0.6.9", "@firebase/performance-compat": "0.2.9", "@firebase/remote-config": "0.4.9", "@firebase/remote-config-compat": "0.2.9", "@firebase/storage": "0.13.2", "@firebase/storage-compat": "0.3.12", "@firebase/util": "1.10.0", "@firebase/vertexai-preview": "0.0.4" } }, ""],

    "fsevents": ["fsevents@2.3.3", "", { "os": "darwin" }, "sha512-5xoDfX+fL7faATnagmWPpbFtwh/R77WmMMqqHGS65C3vvB0YHrgF+B1YmZ3441tMj5n63k0212XNoJwzlhffQw=="],

    "get-caller-file": ["get-caller-file@2.0.5", "", {}, ""],

    "http-parser-js": ["http-parser-js@0.5.10", "", {}, ""],

    "idb": ["idb@7.1.1", "", {}, ""],

    "is-fullwidth-code-point": ["is-fullwidth-code-point@3.0.0", "", {}, ""],

    "leaflet": ["leaflet@1.9.4", "", {}, "sha512-nxS1ynzJOmOlHp+iL3FyWqK89GtNL8U8rvlMOsQdTTssxZwCXh8N2NB3GDQOL+YR3XnWyZAxwQixURb+FA74PA=="],

    "lodash.camelcase": ["lodash.camelcase@4.3.0", "", {}, ""],

    "long": ["long@5.3.2", "", {}, ""],

    "nanoid": ["nanoid@3.3.19", "", { "bin": "bin/nanoid.cjs" }, ""],

    "picocolors": ["picocolors@1.1.1", "", {}, ""],

    "postcss": ["postcss@8.5.28", "", { "dependencies": { "nanoid": "^3.3.18", "picocolors": "^1.1.1", "source-map-js": "^1.2.1" } }, ""],

    "protobufjs": ["protobufjs@7.6.6", "", { "dependencies": { "@protobufjs/aspromise": "^1.1.2", "@protobufjs/base64": "^1.1.2", "@protobufjs/codegen": "^2.0.5", "@protobufjs/eventemitter": "^1.1.1", "@protobufjs/fetch": "^1.1.1", "@protobufjs/float": "^1.0.2", "@protobufjs/path": "^1.1.2", "@protobufjs/pool": "^1.1.0", "@protobufjs/utf8": "^1.1.1", "@types/node": ">=13.7.0", "long": "^5.3.2" } }, ""],

    "require-directory": ["require-directory@2.1.1", "", {}, ""],

    "rollup": ["rollup@4.63.5", "", { "dependencies": { "@types/estree": "1.0.9" }, "optionalDependencies": { "@napi-rs/lzma-linux-x64-gnu": "1.5.1", "@rollup/rollup-android-arm-eabi": "4.63.5", "@rollup/rollup-android-arm64": "4.63.5", "@rollup/rollup-darwin-arm64": "4.63.5", "@rollup/rollup-darwin-x64": "4.63.5", "@rollup/rollup-freebsd-arm64": "4.63.5", "@rollup/rollup-freebsd-x64": "4.63.5", "@rollup/rollup-linux-arm-gnueabihf": "4.63.5", "@rollup/rollup-linux-arm-musleabihf": "4.63.5", "@rollup/rollup-linux-arm64-gnu": "4.63.5", "@rollup/rollup-linux-arm64-musl": "4.63.5", "@rollup/rollup-linux-loong64-gnu": "4.63.5", "@rollup/rollup-linux-loong64-musl": "4.63.5", "@rollup/rollup-linux-ppc64-gnu": "4.63.5", "@rollup/rollup-linux-ppc64-musl": "4.63.5", "@rollup/rollup-linux-riscv64-gnu": "4.63.5", "@rollup/rollup-linux-riscv64-musl": "4.63.5", "@rollup/rollup-linux-s390x-gnu": "4.63.5", "@rollup/rollup-linux-x64-gnu": "4.63.5", "@rollup/rollup-linux-x64-musl": "4.63.5", "@rollup/rollup-openbsd-x64": "4.63.5", "@rollup/rollup-openharmony-arm64": "4.63.5", "@rollup/rollup-win32-arm64-msvc": "4.63.5", "@rollup/rollup-win32-ia32-msvc": "4.63.5", "@rollup/rollup-win32-x64-gnu": "4.63.5", "@rollup/rollup-win32-x64-msvc": "4.63.5", "fsevents": "~2.3.2" }, "bin": "dist/bin/rollup" }, ""],

    "safe-buffer": ["safe-buffer@5.2.1", "", {}, ""],

    "source-map-js": ["source-map-js@1.2.1", "", {}, ""],

    "string-width": ["string-width@4.2.3", "", { "dependencies": { "emoji-regex": "^8.0.0", "is-fullwidth-code-point": "^3.0.0", "strip-ansi": "^6.0.1" } }, ""],

    "strip-ansi": ["strip-ansi@6.0.1", "", { "dependencies": { "ansi-regex": "^5.0.1" } }, ""],

    "tslib": ["tslib@2.8.1", "", {}, ""],

    "undici": ["undici@6.19.7", "", {}, ""],

    "undici-types": ["undici-types@8.9.0", "", {}, ""],

    "vite": ["vite@5.4.21", "", { "dependencies": { "esbuild": "^0.21.3", "postcss": "^8.4.43", "rollup": "^4.20.0" }, "optionalDependencies": { "fsevents": "~2.3.3" }, "peerDependencies": { "@types/node": "^18.0.0 || >=20.0.0", "less": "*", "lightningcss": "^1.21.0", "sass": "*", "sass-embedded": "*", "stylus": "*", "sugarss": "*", "terser": "^5.4.0" }, "optionalPeers": ["less", "lightningcss", "sass", "sass-embedded", "stylus", "sugarss", "terser"], "bin": "bin/vite.js" }, ""],

    "websocket-driver": ["websocket-driver@0.7.5", "", { "dependencies": { "http-parser-js": ">=0.5.1", "safe-buffer": ">=5.1.0", "websocket-extensions": ">=0.1.1" } }, ""],

    "websocket-extensions": ["websocket-extensions@0.1.4", "", {}, ""],

    "wrap-ansi": ["wrap-ansi@7.0.0", "", { "dependencies": { "ansi-styles": "^4.0.0", "string-width": "^4.1.0", "strip-ansi": "^6.0.0" } }, ""],

    "y18n": ["y18n@5.0.8", "", {}, ""],

    "yargs": ["yargs@17.7.3", "", { "dependencies": { "cliui": "^8.0.1", "escalade": "^3.1.1", "get-caller-file": "^2.0.5", "require-directory": "^2.1.1", "string-width": "^4.2.3", "y18n": "^5.0.5", "yargs-parser": "^21.1.1" } }, ""],

    "yargs-parser": ["yargs-parser@21.1.1", "", {}, ""],
  }
}
